// !$*UTF8*$!
{
	archiveVersion = 1;
	classes = {
	};
	objectVersion = 50;
	objects = {

/* Begin PBXBuildFile section */
		EFD8797824613F72009AF0D7 /* AppDelegate.swift in Sources */ = {isa = PBXBuildFile; fileRef = EFD8797724613F72009AF0D7 /* AppDelegate.swift */; };
		EFD8797A24613F72009AF0D7 /* SceneDelegate.swift in Sources */ = {isa = PBXBuildFile; fileRef = EFD8797924613F72009AF0D7 /* SceneDelegate.swift */; };
		EFD8797C24613F72009AF0D7 /* ViewController.swift in Sources */ = {isa = PBXBuildFile; fileRef = EFD8797B24613F72009AF0D7 /* ViewController.swift */; };
		EFD8797F24613F72009AF0D7 /* Main.storyboard in Resources */ = {isa = PBXBuildFile; fileRef = EFD8797D24613F72009AF0D7 /* Main.storyboard */; };
		EFD8798124613F77009AF0D7 /* Assets.xcassets in Resources */ = {isa = PBXBuildFile; fileRef = EFD8798024613F77009AF0D7 /* Assets.xcassets */; };
		EFD8798424613F77009AF0D7 /* LaunchScreen.storyboard in Resources */ = {isa = PBXBuildFile; fileRef = EFD8798224613F77009AF0D7 /* LaunchScreen.storyboard */; };
		EFD8798F24613F77009AF0D7 /* WordListTests.swift in Sources */ = {isa = PBXBuildFile; fileRef = EFD8798E24613F77009AF0D7 /* WordListTests.swift */; };
		EFD8799A24613F77009AF0D7 /* WordListUITests.swift in Sources */ = {isa = PBXBuildFile; fileRef = EFD8799924613F77009AF0D7 /* WordListUITests.swift */; };
		EFD879AB24613FBE009AF0D7 /* word_blank.png in Resources */ = {isa = PBXBuildFile; fileRef = EFD879A824613FBE009AF0D7 /* word_blank.png */; };
		EFD879AC24613FBE009AF0D7 /* fin.png in Resources */ = {isa = PBXBuildFile; fileRef = EFD879A924613FBE009AF0D7 /* fin.png */; };
		EFD879AD24613FBE009AF0D7 /* title_logo.png in Resources */ = {isa = PBXBuildFile; fileRef = EFD879AA24613FBE009AF0D7 /* title_logo.png */; };
		EFD879AF24614CAF009AF0D7 /* QuestionViewController.swift in Sources */ = {isa = PBXBuildFile; fileRef = EFD879AE24614CAF009AF0D7 /* QuestionViewController.swift */; };
		EFD879B124614CF8009AF0D7 /* FinishViewController.swift in Sources */ = {isa = PBXBuildFile; fileRef = EFD879B024614CF8009AF0D7 /* FinishViewController.swift */; };
		EFD879B324614D50009AF0D7 /* ListTableViewController.swift in Sources */ = {isa = PBXBuildFile; fileRef = EFD879B224614D50009AF0D7 /* ListTableViewController.swift */; };
		EFD879B524614D95009AF0D7 /* AddViewController.swift in Sources */ = {isa = PBXBuildFile; fileRef = EFD879B424614D95009AF0D7 /* AddViewController.swift */; };
		EFD879B7246160EB009AF0D7 /* ListTableViewCell.swift in Sources */ = {isa = PBXBuildFile; fileRef = EFD879B6246160EB009AF0D7 /* ListTableViewCell.swift */; };
		EFD879BB2462B42B009AF0D7 /* icon.png in Resources */ = {isa = PBXBuildFile; fileRef = EFD879BA2462B42B009AF0D7 /* icon.png */; };
/* End PBXBuildFile section */

/* Begin PBXContainerItemProxy section */
		EFD8798B24613F77009AF0D7 /* PBXContainerItemProxy */ = {
			isa = PBXContainerItemProxy;
			containerPortal = EFD8796C24613F72009AF0D7 /* Project object */;
			proxyType = 1;
			remoteGlobalIDString = EFD8797324613F72009AF0D7;
			remoteInfo = WordList;
		};
		EFD8799624613F77009AF0D7 /* PBXContainerItemProxy */ = {
			isa = PBXContainerItemProxy;
			containerPortal = EFD8796C24613F72009AF0D7 /* Project object */;
			proxyType = 1;
			remoteGlobalIDString = EFD8797324613F72009AF0D7;
			remoteInfo = WordList;
		};
/* End PBXContainerItemProxy section */

/* Begin PBXFileReference section */
		EFD8797424613F72009AF0D7 /* WordList.app */ = {isa = PBXFileReference; explicitFileType = wrapper.application; includeInIndex = 0; path = WordList.app; sourceTree = BUILT_PRODUCTS_DIR; };
		EFD8797724613F72009AF0D7 /* AppDelegate.swift */ = {isa = PBXFileReference; lastKnownFileType = sourcecode.swift; path = AppDelegate.swift; sourceTree = "<group>"; };
		EFD8797924613F72009AF0D7 /* SceneDelegate.swift */ = {isa = PBXFileReference; lastKnownFileType = sourcecode.swift; path = SceneDelegate.swift; sourceTree = "<group>"; };
		EFD8797B24613F72009AF0D7 /* ViewController.swift */ = {isa = PBXFileReference; lastKnownFileType = sourcecode.swift; path = ViewController.swift; sourceTree = "<group>"; };
		EFD8797E24613F72009AF0D7 /* Base */ = {isa = PBXFileReference; lastKnownFileType = file.storyboard; name = Base; path = Base.lproj/Main.storyboard; sourceTree = "<group>"; };
		EFD8798024613F77009AF0D7 /* Assets.xcassets */ = {isa = PBXFileReference; lastKnownFileType = folder.assetcatalog; path = Assets.xcassets; sourceTree = "<group>"; };
		EFD8798324613F77009AF0D7 /* Base */ = {isa = PBXFileReference; lastKnownFileType = file.storyboard; name = Base; path = Base.lproj/LaunchScreen.storyboard; sourceTree = "<group>"; };
		EFD8798524613F77009AF0D7 /* Info.plist */ = {isa = PBXFileReference; lastKnownFileType = text.plist.xml; path = Info.plist; sourceTree = "<group>"; };
		EFD8798A24613F77009AF0D7 /* WordListTests.xctest */ = {isa = PBXFileReference; explicitFileType = wrapper.cfbundle; includeInIndex = 0; path = WordListTests.xctest; sourceTree = BUILT_PRODUCTS_DIR; };
		EFD8798E24613F77009AF0D7 /* WordListTests.swift */ = {isa = PBXFileReference; lastKnownFileType = sourcecode.swift; path = WordListTests.swift; sourceTree = "<group>"; };
		EFD8799024613F77009AF0D7 /* Info.plist */ = {isa = PBXFileReference; lastKnownFileType = text.plist.xml; path = Info.plist; sourceTree = "<group>"; };
		EFD8799524613F77009AF0D7 /* WordListUITests.xctest */ = {isa = PBXFileReference; explicitFileType = wrapper.cfbundle; includeInIndex = 0; path = WordListUITests.xctest; sourceTree = BUILT_PRODUCTS_DIR; };
		EFD8799924613F77009AF0D7 /* WordListUITests.swift */ = {isa = PBXFileReference; lastKnownFileType = sourcecode.swift; path = WordListUITests.swift; sourceTree = "<group>"; };
		EFD8799B24613F77009AF0D7 /* Info.plist */ = {isa = PBXFileReference; lastKnownFileType = text.plist.xml; path = Info.plist; sourceTree = "<group>"; };
		EFD879A824613FBE009AF0D7 /* word_blank.png */ = {isa = PBXFileReference; lastKnownFileType = image.png; path = word_blank.png; sourceTree = "<group>"; };
		EFD879A924613FBE009AF0D7 /* fin.png */ = {isa = PBXFileReference; lastKnownFileType = image.png; path = fin.png; sourceTree = "<group>"; };
		EFD879AA24613FBE009AF0D7 /* title_logo.png */ = {isa = PBXFileReference; lastKnownFileType = image.png; path = title_logo.png; sourceTree = "<group>"; };
		EFD879AE24614CAF009AF0D7 /* QuestionViewController.swift */ = {isa = PBXFileReference; lastKnownFileType = sourcecode.swift; path = QuestionViewController.swift; sourceTree = "<group>"; };
		EFD879B024614CF8009AF0D7 /* FinishViewController.swift */ = {isa = PBXFileReference; lastKnownFileType = sourcecode.swift; path = FinishViewController.swift; sourceTree = "<group>"; };
		EFD879B224614D50009AF0D7 /* ListTableViewController.swift */ = {isa = PBXFileReference; lastKnownFileType = sourcecode.swift; path = ListTableViewController.swift; sourceTree = "<group>"; };
		EFD879B424614D95009AF0D7 /* AddViewController.swift */ = {isa = PBXFileReference; lastKnownFileType = sourcecode.swift; path = AddViewController.swift; sourceTree = "<group>"; };
		EFD879B6246160EB009AF0D7 /* ListTableViewCell.swift */ = {isa = PBXFileReference; lastKnownFileType = sourcecode.swift; path = ListTableViewCell.swift; sourceTree = "<group>"; };
		EFD879BA2462B42B009AF0D7 /* icon.png */ = {isa = PBXFileReference; lastKnownFileType = image.png; path = icon.png; sourceTree = "<group>"; };
/* End PBXFileReference section */

/* Begin PBXFrameworksBuildPhase section */
		EFD8797124613F72009AF0D7 /* Frameworks */ = {
			isa = PBXFrameworksBuildPhase;
			buildActionMask = 2147483647;
			files = (
			);
			runOnlyForDeploymentPostprocessing = 0;
		};
		EFD8798724613F77009AF0D7 /* Frameworks */ = {
			isa = PBXFrameworksBuildPhase;
			buildActionMask = 2147483647;
			files = (
			);
			runOnlyForDeploymentPostprocessing = 0;
		};
		EFD8799224613F77009AF0D7 /* Frameworks */ = {
			isa = PBXFrameworksBuildPhase;
			buildActionMask = 2147483647;
			files = (
			);
			runOnlyForDeploymentPostprocessing = 0;
		};
/* End PBXFrameworksBuildPhase section */

/* Begin PBXGroup section */
		EFD8796B24613F72009AF0D7 = {
			isa = PBXGroup;
			children = (
				EFD8797624613F72009AF0D7 /* WordList */,
				EFD8798D24613F77009AF0D7 /* WordListTests */,
				EFD8799824613F77009AF0D7 /* WordListUITests */,
				EFD8797524613F72009AF0D7 /* Products */,
			);
			sourceTree = "<group>";
		};
		EFD8797524613F72009AF0D7 /* Products */ = {
			isa = PBXGroup;
			children = (
				EFD8797424613F72009AF0D7 /* WordList.app */,
				EFD8798A24613F77009AF0D7 /* WordListTests.xctest */,
				EFD8799524613F77009AF0D7 /* WordListUITests.xctest */,
			);
			name = Products;
			sourceTree = "<group>";
		};
		EFD8797624613F72009AF0D7 /* WordList */ = {
			isa = PBXGroup;
			children = (
				EFD879BA2462B42B009AF0D7 /* icon.png */,
				EFD8797724613F72009AF0D7 /* AppDelegate.swift */,
				EFD8797924613F72009AF0D7 /* SceneDelegate.swift */,
				EFD8797B24613F72009AF0D7 /* ViewController.swift */,
				EFD8797D24613F72009AF0D7 /* Main.storyboard */,
				EFD879B224614D50009AF0D7 /* ListTableViewController.swift */,
				EFD879B424614D95009AF0D7 /* AddViewController.swift */,
				EFD879B6246160EB009AF0D7 /* ListTableViewCell.swift */,
				EFD879B024614CF8009AF0D7 /* FinishViewController.swift */,
				EFD879AE24614CAF009AF0D7 /* QuestionViewController.swift */,
				EFD8798024613F77009AF0D7 /* Assets.xcassets */,
				EFD879A724613FBE009AF0D7 /* WordList素材 */,
				EFD8798224613F77009AF0D7 /* LaunchScreen.storyboard */,
				EFD8798524613F77009AF0D7 /* Info.plist */,
			);
			path = WordList;
			sourceTree = "<group>";
		};
		EFD8798D24613F77009AF0D7 /* WordListTests */ = {
			isa = PBXGroup;
			children = (
				EFD8798E24613F77009AF0D7 /* WordListTests.swift */,
				EFD8799024613F77009AF0D7 /* Info.plist */,
			);
			path = WordListTests;
			sourceTree = "<group>";
		};
		EFD8799824613F77009AF0D7 /* WordListUITests */ = {
			isa = PBXGroup;
			children = (
				EFD8799924613F77009AF0D7 /* WordListUITests.swift */,
				EFD8799B24613F77009AF0D7 /* Info.plist */,
			);
			path = WordListUITests;
			sourceTree = "<group>";
		};
		EFD879A724613FBE009AF0D7 /* WordList素材 */ = {
			isa = PBXGroup;
			children = (
				EFD879A824613FBE009AF0D7 /* word_blank.png */,
				EFD879A924613FBE009AF0D7 /* fin.png */,
				EFD879AA24613FBE009AF0D7 /* title_logo.png */,
			);
			path = "WordList素材";
			sourceTree = "<group>";
		};
/* End PBXGroup section */

/* Begin PBXNativeTarget section */
		EFD8797324613F72009AF0D7 /* WordList */ = {
			isa = PBXNativeTarget;
			buildConfigurationList = EFD8799E24613F77009AF0D7 /* Build configuration list for PBXNativeTarget "WordList" */;
			buildPhases = (
				EFD8797024613F72009AF0D7 /* Sources */,
				EFD8797124613F72009AF0D7 /* Frameworks */,
				EFD8797224613F72009AF0D7 /* Resources */,
			);
			buildRules = (
			);
			dependencies = (
			);
			name = WordList;
			productName = WordList;
			productReference = EFD8797424613F72009AF0D7 /* WordList.app */;
			productType = "com.apple.product-type.application";
		};
		EFD8798924613F77009AF0D7 /* WordListTests */ = {
			isa = PBXNativeTarget;
			buildConfigurationList = EFD879A124613F77009AF0D7 /* Build configuration list for PBXNativeTarget "WordListTests" */;
			buildPhases = (
				EFD8798624613F77009AF0D7 /* Sources */,
				EFD8798724613F77009AF0D7 /* Frameworks */,
				EFD8798824613F77009AF0D7 /* Resources */,
			);
			buildRules = (
			);
			dependencies = (
				EFD8798C24613F77009AF0D7 /* PBXTargetDependency */,
			);
			name = WordListTests;
			productName = WordListTests;
			productReference = EFD8798A24613F77009AF0D7 /* WordListTests.xctest */;
			productType = "com.apple.product-type.bundle.unit-test";
		};
		EFD8799424613F77009AF0D7 /* WordListUITests */ = {
			isa = PBXNativeTarget;
			buildConfigurationList = EFD879A424613F77009AF0D7 /* Build configuration list for PBXNativeTarget "WordListUITests" */;
			buildPhases = (
				EFD8799124613F77009AF0D7 /* Sources */,
				EFD8799224613F77009AF0D7 /* Frameworks */,
				EFD8799324613F77009AF0D7 /* Resources */,
			);
			buildRules = (
			);
			dependencies = (
				EFD8799724613F77009AF0D7 /* PBXTargetDependency */,
			);
			name = WordListUITests;
			productName = WordListUITests;
			productReference = EFD8799524613F77009AF0D7 /* WordListUITests.xctest */;
			productType = "com.apple.product-type.bundle.ui-testing";
		};
/* End PBXNativeTarget section */

/* Begin PBXProject section */
		EFD8796C24613F72009AF0D7 /* Project object */ = {
			isa = PBXProject;
			attributes = {
				LastSwiftUpdateCheck = 1140;
				LastUpgradeCheck = 1140;
				ORGANIZATIONNAME = "Fukui Ayanon";
				TargetAttributes = {
					EFD8797324613F72009AF0D7 = {
						CreatedOnToolsVersion = 11.4.1;
					};
					EFD8798924613F77009AF0D7 = {
						CreatedOnToolsVersion = 11.4.1;
						TestTargetID = EFD8797324613F72009AF0D7;
					};
					EFD8799424613F77009AF0D7 = {
						CreatedOnToolsVersion = 11.4.1;
						TestTargetID = EFD8797324613F72009AF0D7;
					};
				};
			};
			buildConfigurationList = EFD8796F24613F72009AF0D7 /* Build configuration list for PBXProject "WordList" */;
			compatibilityVersion = "Xcode 9.3";
			developmentRegion = en;
			hasScannedForEncodings = 0;
			knownRegions = (
				en,
				Base,
			);
			mainGroup = EFD8796B24613F72009AF0D7;
			productRefGroup = EFD8797524613F72009AF0D7 /* Products */;
			projectDirPath = "";
			projectRoot = "";
			targets = (
				EFD8797324613F72009AF0D7 /* WordList */,
				EFD8798924613F77009AF0D7 /* WordListTests */,
				EFD8799424613F77009AF0D7 /* WordListUITests */,
			);
		};
/* End PBXProject section */

/* Begin PBXResourcesBuildPhase section */
		EFD8797224613F72009AF0D7 /* Resources */ = {
			isa = PBXResourcesBuildPhase;
			buildActionMask = 2147483647;
			files = (
				EFD879AB24613FBE009AF0D7 /* word_blank.png in Resources */,
				EFD879BB2462B42B009AF0D7 /* icon.png in Resources */,
				EFD879AD24613FBE009AF0D7 /* title_logo.png in Resources */,
				EFD8798424613F77009AF0D7 /* LaunchScreen.storyboard in Resources */,
				EFD8798124613F77009AF0D7 /* Assets.xcassets in Resources */,
				EFD879AC24613FBE009AF0D7 /* fin.png in Resources */,
				EFD8797F24613F72009AF0D7 /* Main.storyboard in Resources */,
			);
			runOnlyForDeploymentPostprocessing = 0;
		};
		EFD8798824613F77009AF0D7 /* Resources */ = {
			isa = PBXResourcesBuildPhase;
			buildActionMask = 2147483647;
			files = (
			);
			runOnlyForDeploymentPostprocessing = 0;
		};
		EFD8799324613F77009AF0D7 /* Resources */ = {
			isa = PBXResourcesBuildPhase;
			buildActionMask = 2147483647;
			files = (
			);
			runOnlyForDeploymentPostprocessing = 0;
		};
/* End PBXResourcesBuildPhase section */

/* Begin PBXSourcesBuildPhase section */
		EFD8797024613F72009AF0D7 /* Sources */ = {
			isa = PBXSourcesBuildPhase;
			buildActionMask = 2147483647;
			files = (
				EFD879B124614CF8009AF0D7 /* FinishViewController.swift in Sources */,
				EFD879B7246160EB009AF0D7 /* ListTableViewCell.swift in Sources */,
				EFD8797C24613F72009AF0D7 /* ViewController.swift in Sources */,
				EFD879B524614D95009AF0D7 /* AddViewController.swift in Sources */,
				EFD8797824613F72009AF0D7 /* AppDelegate.swift in Sources */,
				EFD879B324614D50009AF0D7 /* ListTableViewController.swift in Sources */,
				EFD879AF24614CAF009AF0D7 /* QuestionViewController.swift in Sources */,
				EFD8797A24613F72009AF0D7 /* SceneDelegate.swift in Sources */,
			);
			runOnlyForDeploymentPostprocessing = 0;
		};
		EFD8798624613F77009AF0D7 /* Sources */ = {
			isa = PBXSourcesBuildPhase;
			buildActionMask = 2147483647;
			files = (
				EFD8798F24613F77009AF0D7 /* WordListTests.swift in Sources */,
			);
			runOnlyForDeploymentPostprocessing = 0;
		};
		EFD8799124613F77009AF0D7 /* Sources */ = {
			isa = PBXSourcesBuildPhase;
			buildActionMask = 2147483647;
			files = (
				EFD8799A24613F77009AF0D7 /* WordListUITests.swift in Sources */,
			);
			runOnlyForDeploymentPostprocessing = 0;
		};
/* End PBXSourcesBuildPhase section */

/* Begin PBXTargetDependency section */
		EFD8798C24613F77009AF0D7 /* PBXTargetDependency */ = {
			isa = PBXTargetDependency;
			target = EFD8797324613F72009AF0D7 /* WordList */;
			targetProxy = EFD8798B24613F77009AF0D7 /* PBXContainerItemProxy */;
		};
		EFD8799724613F77009AF0D7 /* PBXTargetDependency */ = {
			isa = PBXTargetDependency;
			target = EFD8797324613F72009AF0D7 /* WordList */;
			targetProxy = EFD8799624613F77009AF0D7 /* PBXContainerItemProxy */;
		};
/* End PBXTargetDependency section */

/* Begin PBXVariantGroup section */
		EFD8797D24613F72009AF0D7 /* Main.storyboard */ = {
			isa = PBXVariantGroup;
			children = (
				EFD8797E24613F72009AF0D7 /* Base */,
			);
			name = Main.storyboard;
			sourceTree = "<group>";
		};
		EFD8798224613F77009AF0D7 /* LaunchScreen.storyboard */ = {
			isa = PBXVariantGroup;
			children = (
				EFD8798324613F77009AF0D7 /* Base */,
			);
			name = LaunchScreen.storyboard;
			sourceTree = "<group>";
		};
/* End PBXVariantGroup section */

/* Begin XCBuildConfiguration section */
		EFD8799C24613F77009AF0D7 /* Debug */ = {
			isa = XCBuildConfiguration;
			buildSettings = {
				ALWAYS_SEARCH_USER_PATHS = NO;
				CLANG_ANALYZER_NONNULL = YES;
				CLANG_ANALYZER_NUMBER_OBJECT_CONVERSION = YES_AGGRESSIVE;
				CLANG_CXX_LANGUAGE_STANDARD = "gnu++14";
				CLANG_CXX_LIBRARY = "libc++";
				CLANG_ENABLE_MODULES = YES;
				CLANG_ENABLE_OBJC_ARC = YES;
				CLANG_ENABLE_OBJC_WEAK = YES;
				CLANG_WARN_BLOCK_CAPTURE_AUTORELEASING = YES;
				CLANG_WARN_BOOL_CONVERSION = YES;
				CLANG_WARN_COMMA = YES;
				CLANG_WARN_CONSTANT_CONVERSION = YES;
				CLANG_WARN_DEPRECATED_OBJC_IMPLEMENTATIONS = YES;
				CLANG_WARN_DIRECT_OBJC_ISA_USAGE = YES_ERROR;
				CLANG_WARN_DOCUMENTATION_COMMENTS = YES;
				CLANG_WARN_EMPTY_BODY = YES;
				CLANG_WARN_ENUM_CONVERSION = YES;
				CLANG_WARN_INFINITE_RECURSION = YES;
				CLANG_WARN_INT_CONVERSION = YES;
				CLANG_WARN_NON_LITERAL_NULL_CONVERSION = YES;
				CLANG_WARN_OBJC_IMPLICIT_RETAIN_SELF = YES;
				CLANG_WARN_OBJC_LITERAL_CONVERSION = YES;
				CLANG_WARN_OBJC_ROOT_CLASS = YES_ERROR;
				CLANG_WARN_RANGE_LOOP_ANALYSIS = YES;
				CLANG_WARN_STRICT_PROTOTYPES = YES;
				CLANG_WARN_SUSPICIOUS_MOVE = YES;
				CLANG_WARN_UNGUARDED_AVAILABILITY = YES_AGGRESSIVE;
				CLANG_WARN_UNREACHABLE_CODE = YES;
				CLANG_WARN__DUPLICATE_METHOD_MATCH = YES;
				COPY_PHASE_STRIP = NO;
				DEBUG_INFORMATION_FORMAT = dwarf;
				ENABLE_STRICT_OBJC_MSGSEND = YES;
				ENABLE_TESTABILITY = YES;
				GCC_C_LANGUAGE_STANDARD = gnu11;
				GCC_DYNAMIC_NO_PIC = NO;
				GCC_NO_COMMON_BLOCKS = YES;
				GCC_OPTIMIZATION_LEVEL = 0;
				GCC_PREPROCESSOR_DEFINITIONS = (
					"DEBUG=1",
					"$(inherited)",
				);
				GCC_WARN_64_TO_32_BIT_CONVERSION = YES;
				GCC_WARN_ABOUT_RETURN_TYPE = YES_ERROR;
				GCC_WARN_UNDECLARED_SELECTOR = YES;
				GCC_WARN_UNINITIALIZED_AUTOS = YES_AGGRESSIVE;
				GCC_WARN_UNUSED_FUNCTION = YES;
				GCC_WARN_UNUSED_VARIABLE = YES;
				IPHONEOS_DEPLOYMENT_TARGET = 13.4;
				MTL_ENABLE_DEBUG_INFO = INCLUDE_SOURCE;
				MTL_FAST_MATH = YES;
				ONLY_ACTIVE_ARCH = YES;
				SDKROOT = iphoneos;
				SWIFT_ACTIVE_COMPILATION_CONDITIONS = DEBUG;
				SWIFT_OPTIMIZATION_LEVEL = "-Onone";
			};
			name = Debug;
		};
		EFD8799D24613F77009AF0D7 /* Release */ = {
			isa = XCBuildConfiguration;
			buildSettings = {
				ALWAYS_SEARCH_USER_PATHS = NO;
				CLANG_ANALYZER_NONNULL = YES;
				CLANG_ANALYZER_NUMBER_OBJECT_CONVERSION = YES_AGGRESSIVE;
				CLANG_CXX_LANGUAGE_STANDARD = "gnu++14";
				CLANG_CXX_LIBRARY = "libc++";
				CLANG_ENABLE_MODULES = YES;
				CLANG_ENABLE_OBJC_ARC = YES;
				CLANG_ENABLE_OBJC_WEAK = YES;
				CLANG_WARN_BLOCK_CAPTURE_AUTORELEASING = YES;
				CLANG_WARN_BOOL_CONVERSION = YES;
				CLANG_WARN_COMMA = YES;
				CLANG_WARN_CONSTANT_CONVERSION = YES;
				CLANG_WARN_DEPRECATED_OBJC_IMPLEMENTATIONS = YES;
				CLANG_WARN_DIRECT_OBJC_ISA_USAGE = YES_ERROR;
				CLANG_WARN_DOCUMENTATION_COMMENTS = YES;
				CLANG_WARN_EMPTY_BODY = YES;
				CLANG_WARN_ENUM_CONVERSION = YES;
				CLANG_WARN_INFINITE_RECURSION = YES;
				CLANG_WARN_INT_CONVERSION = YES;
				CLANG_WARN_NON_LITERAL_NULL_CONVERSION = YES;
				CLANG_WARN_OBJC_IMPLICIT_RETAIN_SELF = YES;
				CLANG_WARN_OBJC_LITERAL_CONVERSION = YES;
				CLANG_WARN_OBJC_ROOT_CLASS = YES_ERROR;
				CLANG_WARN_RANGE_LOOP_ANALYSIS = YES;
				CLANG_WARN_STRICT_PROTOTYPES = YES;
				CLANG_WARN_SUSPICIOUS_MOVE = YES;
				CLANG_WARN_UNGUARDED_AVAILABILITY = YES_AGGRESSIVE;
				CLANG_WARN_UNREACHABLE_CODE = YES;
				CLANG_WARN__DUPLICATE_METHOD_MATCH = YES;
				COPY_PHASE_STRIP = NO;
				DEBUG_INFORMATION_FORMAT = "dwarf-with-dsym";
				ENABLE_NS_ASSERTIONS = NO;
				ENABLE_STRICT_OBJC_MSGSEND = YES;
				GCC_C_LANGUAGE_STANDARD = gnu11;
				GCC_NO_COMMON_BLOCKS = YES;
				GCC_WARN_64_TO_32_BIT_CONVERSION = YES;
				GCC_WARN_ABOUT_RETURN_TYPE = YES_ERROR;
				GCC_WARN_UNDECLARED_SELECTOR = YES;
				GCC_WARN_UNINITIALIZED_AUTOS = YES_AGGRESSIVE;
				GCC_WARN_UNUSED_FUNCTION = YES;
				GCC_WARN_UNUSED_VARIABLE = YES;
				IPHONEOS_DEPLOYMENT_TARGET = 13.4;
				MTL_ENABLE_DEBUG_INFO = NO;
				MTL_FAST_MATH = YES;
				SDKROOT = iphoneos;
				SWIFT_COMPILATION_MODE = wholemodule;
				SWIFT_OPTIMIZATION_LEVEL = "-O";
				VALIDATE_PRODUCT = YES;
			};
			name = Release;
		};
		EFD8799F24613F77009AF0D7 /* Debug */ = {
			isa = XCBuildConfiguration;
			buildSettings = {
				ASSETCATALOG_COMPILER_APPICON_NAME = AppIcon;
				CODE_SIGN_STYLE = Automatic;
				DEVELOPMENT_TEAM = DAY2YVU369;
				INFOPLIST_FILE = WordList/Info.plist;
				IPHONEOS_DEPLOYMENT_TARGET = 13.3;
				LD_RUNPATH_SEARCH_PATHS = (
					"$(inherited)",
					"@executable_path/Frameworks",
				);
				PRODUCT_BUNDLE_IDENTIFIER = app.Fukui.Ayanon.WordList;
				PRODUCT_NAME = "$(TARGET_NAME)";
				SWIFT_VERSION = 5.0;
				TARGETED_DEVICE_FAMILY = "1,2";
			};
			name = Debug;
		};
		EFD879A024613F77009AF0D7 /* Release */ = {
			isa = XCBuildConfiguration;
			buildSettings = {
				ASSETCATALOG_COMPILER_APPICON_NAME = AppIcon;
				CODE_SIGN_STYLE = Automatic;
				DEVELOPMENT_TEAM = DAY2YVU369;
				INFOPLIST_FILE = WordList/Info.plist;
				IPHONEOS_DEPLOYMENT_TARGET = 13.3;
				LD_RUNPATH_SEARCH_PATHS = (
					"$(inherited)",
					"@executable_path/Frameworks",
				);
				PRODUCT_BUNDLE_IDENTIFIER = app.Fukui.Ayanon.WordList;
				PRODUCT_NAME = "$(TARGET_NAME)";
				SWIFT_VERSION = 5.0;
				TARGETED_DEVICE_FAMILY = "1,2";
			};
			name = Release;
		};
		EFD879A224613F77009AF0D7 /* Debug */ = {
			isa = XCBuildConfiguration;
			buildSettings = {
				ALWAYS_EMBED_SWIFT_STANDARD_LIBRARIES = YES;
				BUNDLE_LOADER = "$(TEST_HOST)";
				CODE_SIGN_STYLE = Automatic;
				INFOPLIST_FILE = WordListTests/Info.plist;
				IPHONEOS_DEPLOYMENT_TARGET = 13.4;
				LD_RUNPATH_SEARCH_PATHS = (
					"$(inherited)",
					"@executable_path/Frameworks",
					"@loader_path/Frameworks",
				);
				PRODUCT_BUNDLE_IDENTIFIER = app.Ayanon.Fukui.WordListTests;
				PRODUCT_NAME = "$(TARGET_NAME)";
				SWIFT_VERSION = 5.0;
				TARGETED_DEVICE_FAMILY = "1,2";
				TEST_HOST = "$(BUILT_PRODUCTS_DIR)/WordList.app/WordList";
			};
			name = Debug;
		};
		EFD879A324613F77009AF0D7 /* Release */ = {
			isa = XCBuildConfiguration;
			buildSettings = {
				ALWAYS_EMBED_SWIFT_STANDARD_LIBRARIES = YES;
				BUNDLE_LOADER = "$(TEST_HOST)";
				CODE_SIGN_STYLE = Automatic;
				INFOPLIST_FILE = WordListTests/Info.plist;
				IPHONEOS_DEPLOYMENT_TARGET = 13.4;
				LD_RUNPATH_SEARCH_PATHS = (
					"$(inherited)",
					"@executable_path/Frameworks",
					"@loader_path/Frameworks",
				);
				PRODUCT_BUNDLE_IDENTIFIER = app.Ayanon.Fukui.WordListTests;
				PRODUCT_NAME = "$(TARGET_NAME)";
				SWIFT_VERSION = 5.0;
				TARGETED_DEVICE_FAMILY = "1,2";
				TEST_HOST = "$(BUILT_PRODUCTS_DIR)/WordList.app/WordList";
			};
			name = Release;
		};
		EFD879A524613F77009AF0D7 /* Debug */ = {
			isa = XCBuildConfiguration;
			buildSettings = {
				ALWAYS_EMBED_SWIFT_STANDARD_LIBRARIES = YES;
				CODE_SIGN_STYLE = Automatic;
				INFOPLIST_FILE = WordListUITests/Info.plist;
				LD_RUNPATH_SEARCH_PATHS = (
					"$(inherited)",
					"@executable_path/Frameworks",
					"@loader_path/Frameworks",
				);
				PRODUCT_BUNDLE_IDENTIFIER = app.Ayanon.Fukui.WordListUITests;
				PRODUCT_NAME = "$(TARGET_NAME)";
				SWIFT_VERSION = 5.0;
				TARGETED_DEVICE_FAMILY = "1,2";
				TEST_TARGET_NAME = WordList;
			};
			name = Debug;
		};
		EFD879A624613F77009AF0D7 /* Release */ = {
			isa = XCBuildConfiguration;
			buildSettings = {
				ALWAYS_EMBED_SWIFT_STANDARD_LIBRARIES = YES;
				CODE_SIGN_STYLE = Automatic;
				INFOPLIST_FILE = WordListUITests/Info.plist;
				LD_RUNPATH_SEARCH_PATHS = (
					"$(inherited)",
					"@executable_path/Frameworks",
					"@loader_path/Frameworks",
				);
				PRODUCT_BUNDLE_IDENTIFIER = app.Ayanon.Fukui.WordListUITests;
				PRODUCT_NAME = "$(TARGET_NAME)";
				SWIFT_VERSION = 5.0;
				TARGETED_DEVICE_FAMILY = "1,2";
				TEST_TARGET_NAME = WordList;
			};
			name = Release;
		};
/* End XCBuildConfiguration section */

/* Begin XCConfigurationList section */
		EFD8796F24613F72009AF0D7 /* Build configuration list for PBXProject "WordList" */ = {
			isa = XCConfigurationList;
			buildConfigurations = (
				EFD8799C24613F77009AF0D7 /* Debug */,
				EFD8799D24613F77009AF0D7 /* Release */,
			);
			defaultConfigurationIsVisible = 0;
			defaultConfigurationName = Release;
		};
		EFD8799E24613F77009AF0D7 /* Build configuration list for PBXNativeTarget "WordList" */ = {
			isa = XCConfigurationList;
			buildConfigurations = (
				EFD8799F24613F77009AF0D7 /* Debug */,
				EFD879A024613F77009AF0D7 /* Release */,
			);
			defaultConfigurationIsVisible = 0;
			defaultConfigurationName = Release;
		};
		EFD879A124613F77009AF0D7 /* Build configuration list for PBXNativeTarget "WordListTests" */ = {
			isa = XCConfigurationList;
			buildConfigurations = (
				EFD879A224613F77009AF0D7 /* Debug */,
				EFD879A324613F77009AF0D7 /* Release */,
			);
			defaultConfigurationIsVisible = 0;
			defaultConfigurationName = Release;
		};
		EFD879A424613F77009AF0D7 /* Build configuration list for PBXNativeTarget "WordListUITests" */ = {
			isa = XCConfigurationList;
			buildConfigurations = (
				EFD879A524613F77009AF0D7 /* Debug */,
				EFD879A624613F77009AF0D7 /* Release */,
			);
			defaultConfigurationIsVisible = 0;
			defaultConfigurationName = Release;
		};
/* End XCConfigurationList section */
	};
	rootObject = EFD8796C24613F72009AF0D7 /* Project object */;
}
